
Microsoft Visual Studio Solution File, Format Version 12.00
# Visual Studio Version 16
VisualStudioVersion = 16.0.32228.343
MinimumVisualStudioVersion = 10.0.40219.1
Project("{FAE04EC0-301F-11D3-BF4B-00C04F79EFBC}") = "CadastroImuno", "CadastroImuno\CadastroImuno.csproj", "{B3B6D1DE-7712-4E4D-89EE-0F71282A3E8D}"
EndProject
Project("{FAE04EC0-301F-11D3-BF4B-00C04F79EFBC}") = "CadastroImuno.Tests", "CadastroImuno.Tests\CadastroImuno.Tests.csproj", "{C43F6216-1A3A-4AE0-B937-AB4F6C608A0C}"
EndProject
Global
	GlobalSection(SolutionConfigurationPlatforms) = preSolution
		Debug|Any CPU = Debug|Any CPU
		Release|Any CPU = Release|Any CPU
	EndGlobalSection
	GlobalSection(ProjectConfigurationPlatforms) = postSolution
		{B3B6D1DE-7712-4E4D-89EE-0F71282A3E8D}.Debug|Any CPU.ActiveCfg = Debug|Any CPU
		{B3B6D1DE-7712-4E4D-89EE-0F71282A3E8D}.Debug|Any CPU.Build.0 = Debug|Any CPU
		{B3B6D1DE-7712-4E4D-89EE-0F71282A3E8D}.Release|Any CPU.ActiveCfg = Release|Any CPU
		{B3B6D1DE-7712-4E4D-89EE-0F71282A3E8D}.Release|Any CPU.Build.0 = Release|Any CPU
		{C43F6216-1A3A-4AE0-B937-AB4F6C608A0C}.Debug|Any CPU.ActiveCfg = Debug|Any CPU
		{C43F6216-1A3A-4AE0-B937-AB4F6C608A0C}.Debug|Any CPU.Build.0 = Debug|Any CPU
		{C43F6216-1A3A-4AE0-B937-AB4F6C608A0C}.Release|Any CPU.ActiveCfg = Release|Any CPU
		{C43F6216-1A3A-4AE0-B937-AB4F6C608A0C}.Release|Any CPU.Build.0 = Release|Any CPU
	EndGlobalSection
	GlobalSection(SolutionProperties) = preSolution
		HideSolutionNode = FALSE
	EndGlobalSection
	GlobalSection(ExtensibilityGlobals) = postSolution
		SolutionGuid = {927FB44D-04ED-464F-BB9E-A0E944607F96}
	EndGlobalSection
EndGlobal
